
Microsoft Visual Studio Solution File, Format Version 12.00
# Visual Studio Version 17
VisualStudioVersion = 17.9.34723.18
MinimumVisualStudioVersion = 10.0.40219.1
Project("{9A19103F-16F7-4668-BE54-9A1E7A4F7556}") = "HelloWorld", "HelloWorld\HelloWorld.csproj", "{73C15CA6-FEFD-4E86-B9E5-CD5EEADDD2FE}"
EndProject
Project("{9A19103F-16F7-4668-BE54-9A1E7A4F7556}") = "DataTypesApp", "DataTypesApp\DataTypesApp.csproj", "{0D795D0D-C9B4-4DC8-BA02-9C436FAC4D14}"
EndProject
Project("{9A19103F-16F7-4668-BE54-9A1E7A4F7556}") = "NullableApp", "NullableApp\NullableApp.csproj", "{DB9B58DA-8763-40F2-82E6-5C2C928255E4}"
EndProject
Project("{9A19103F-16F7-4668-BE54-9A1E7A4F7556}") = "OutputApp", "OutputApp\OutputApp.csproj", "{ACB097B4-58AC-499C-AF8A-49141A65A853}"
EndProject
Project("{9A19103F-16F7-4668-BE54-9A1E7A4F7556}") = "ExpressionsApp", "ExpressionsApp\ExpressionsApp.csproj", "{F82BE200-710F-404D-899B-5AFE232F5BB9}"
EndProject
Project("{9A19103F-16F7-4668-BE54-9A1E7A4F7556}") = "ReadApp", "ReadApp\ReadApp.csproj", "{B11FB01F-151B-4C12-82DA-E8CE0A84CA8E}"
EndProject
Project("{9A19103F-16F7-4668-BE54-9A1E7A4F7556}") = "StateTestingApp", "StateTestingApp\StateTestingApp.csproj", "{87DFA1B6-E9E5-412B-9184-1085576EC29B}"
EndProject
Project("{9A19103F-16F7-4668-BE54-9A1E7A4F7556}") = "RightTriangleApp", "RightTriangleApp\RightTriangleApp.csproj", "{DF7707B2-662F-43A1-B9AE-21FAFFA0EFA8}"
EndProject
Project("{9A19103F-16F7-4668-BE54-9A1E7A4F7556}") = "CharDoWhileApp", "CharDoWhileApp\CharDoWhileApp.csproj", "{0A066174-EBEE-4419-9275-13B3BB867946}"
EndProject
Project("{9A19103F-16F7-4668-BE54-9A1E7A4F7556}") = "GradesApp", "GradesApp\GradesApp.csproj", "{FB5934A5-B0AE-4BD7-B431-3C069DB0B7E3}"
EndProject
Project("{9A19103F-16F7-4668-BE54-9A1E7A4F7556}") = "WhileApp", "WhileApp\WhileApp.csproj", "{34042F4D-49E5-4B63-BEE9-7876DA837853}"
EndProject
Project("{9A19103F-16F7-4668-BE54-9A1E7A4F7556}") = "PowerApp", "PowerApp\PowerApp.csproj", "{A763EE8E-8C6B-4183-9737-987A748B1435}"
EndProject
Project("{9A19103F-16F7-4668-BE54-9A1E7A4F7556}") = "Exceptions", "Exceptions\Exceptions.csproj", "{BB176CA4-C71C-42A7-B4FB-75AC4B2C81A2}"
EndProject
Project("{9A19103F-16F7-4668-BE54-9A1E7A4F7556}") = "IgnorePossitivesApp", "IgnorePossitivesApp\IgnorePossitivesApp.csproj", "{956959C3-CC6A-465E-A8D3-090979EF93B3}"
EndProject
Project("{9A19103F-16F7-4668-BE54-9A1E7A4F7556}") = "FibonachiWhithArrayApp", "FibonachiApp\FibonachiWhithArrayApp.csproj", "{6667DD9B-51B6-4A06-8085-3FF9E8ED30BF}"
EndProject
Project("{9A19103F-16F7-4668-BE54-9A1E7A4F7556}") = "FiboRecursiveApp", "FiboRecursiveApp\FiboRecursiveApp.csproj", "{4C37036A-8755-477A-8A3C-38C510B69511}"
EndProject
Project("{9A19103F-16F7-4668-BE54-9A1E7A4F7556}") = "FiboLinearApp", "FiboLinearApp\FiboLinearApp.csproj", "{FD207518-A8D0-426C-AA0D-8F0C5BCAD92F}"
EndProject
Project("{9A19103F-16F7-4668-BE54-9A1E7A4F7556}") = "PrimesApp", "PrimesApp\PrimesApp.csproj", "{F54FA4D2-2A96-4008-9CA5-0DF424320EE8}"
EndProject
Project("{9A19103F-16F7-4668-BE54-9A1E7A4F7556}") = "FactorialApp", "FactorialApp\FactorialApp.csproj", "{54C7C362-EF6F-4CB4-B807-CBC3BD213EC5}"
EndProject
Project("{9A19103F-16F7-4668-BE54-9A1E7A4F7556}") = "ArraysApp", "ArraysApp\ArraysApp.csproj", "{B801A99F-01FF-4CB0-9273-54E5969FEC30}"
EndProject
Project("{9A19103F-16F7-4668-BE54-9A1E7A4F7556}") = "Max2x2App", "Max2x2App\Max2x2App.csproj", "{BE32CC0C-3BCA-48AF-A611-A61A795F376D}"
EndProject
Project("{9A19103F-16F7-4668-BE54-9A1E7A4F7556}") = "StringApp", "StringApp\StringApp.csproj", "{65C36EF9-2C6B-4DD3-AE19-F1555B244A01}"
EndProject
Project("{9A19103F-16F7-4668-BE54-9A1E7A4F7556}") = "PalindromeApp", "PalindromeApp\PalindromeApp.csproj", "{8CFA87EB-505E-45EF-92D1-2B9BE8489295}"
EndProject
Project("{9A19103F-16F7-4668-BE54-9A1E7A4F7556}") = "NullConditionalApp", "NullConditionalApp\NullConditionalApp.csproj", "{48153892-25EE-482F-BE8C-70A228362352}"
EndProject
Project("{9A19103F-16F7-4668-BE54-9A1E7A4F7556}") = "ArgsApp", "ArgsApp\ArgsApp.csproj", "{72761764-ADE9-43BF-B84F-5F197A11216F}"
EndProject
Project("{9A19103F-16F7-4668-BE54-9A1E7A4F7556}") = "StringBuilderApp", "StringBuilderApp\StringBuilderApp.csproj", "{43A1B64C-84C4-4190-8416-A0AEE165F5AB}"
EndProject
Project("{9A19103F-16F7-4668-BE54-9A1E7A4F7556}") = "RegexApp", "RegexApp\RegexApp.csproj", "{F67BBEEB-F388-457E-8634-2D651E37C06F}"
EndProject
Project("{9A19103F-16F7-4668-BE54-9A1E7A4F7556}") = "SwapApp", "SwapApp\SwapApp.csproj", "{B41ACE75-2C12-4318-A018-028D90641CF5}"
EndProject
Project("{9A19103F-16F7-4668-BE54-9A1E7A4F7556}") = "ParamsApp", "ParamsApp\ParamsApp.csproj", "{2D7F4C8F-BBA6-4465-9E55-55F947C3E98B}"
EndProject
Project("{9A19103F-16F7-4668-BE54-9A1E7A4F7556}") = "OptionalParamsApp", "OptionalParamsApp\OptionalParamsApp.csproj", "{47C68ED9-DD40-46EF-BB6B-592F9F04EA78}"
EndProject
Project("{9A19103F-16F7-4668-BE54-9A1E7A4F7556}") = "PascalTriangleApp", "PascalTriangleApp\PascalTriangleApp.csproj", "{021F3F97-33FD-4D97-BEAE-2072F16C6D72}"
EndProject
Project("{9A19103F-16F7-4668-BE54-9A1E7A4F7556}") = "ArrayUtil", "ArrayUtil\ArrayUtil.csproj", "{83CFC349-2F3D-44C1-89C5-653F947828A4}"
EndProject
Project("{9A19103F-16F7-4668-BE54-9A1E7A4F7556}") = "HelloOOPApp", "HelloOOPApp\HelloOOPApp.csproj", "{3B776CAF-7BB8-4652-84A4-78A52EF2FECA}"
EndProject
Project("{9A19103F-16F7-4668-BE54-9A1E7A4F7556}") = "AccounApp", "AccounApp\AccounApp.csproj", "{42C4D047-0FB3-43F3-9C65-E89E393C9433}"
EndProject
Project("{FAE04EC0-301F-11D3-BF4B-00C04F79EFBC}") = "PointApp", "PointApp\PointApp.csproj", "{F7A657ED-0043-43B3-A810-E5E6AA99B6EE}"
EndProject
Project("{FAE04EC0-301F-11D3-BF4B-00C04F79EFBC}") = "ShallowDeepCopies", "ShallowDeepCopies\ShallowDeepCopies.csproj", "{8EB7A939-4299-4EF1-8158-85EF105DFCA9}"
EndProject
Project("{FAE04EC0-301F-11D3-BF4B-00C04F79EFBC}") = "Fractions", "Fractions\Fractions.csproj", "{ADD5875A-8F78-44C1-A6A4-CB4A03E089ED}"
EndProject
Project("{FAE04EC0-301F-11D3-BF4B-00C04F79EFBC}") = "InterfacesApp", "InterfacesApp\InterfacesApp.csproj", "{ABD33058-C879-4B7F-BF90-078567B7F6AB}"
EndProject
Project("{FAE04EC0-301F-11D3-BF4B-00C04F79EFBC}") = "DependencyInjectionApp", "DependencyInjectionApp\DependencyInjectionApp.csproj", "{46ABC581-4449-4B8F-9B36-B76E40644594}"
EndProject
Global
	GlobalSection(SolutionConfigurationPlatforms) = preSolution
		Debug|Any CPU = Debug|Any CPU
		Release|Any CPU = Release|Any CPU
	EndGlobalSection
	GlobalSection(ProjectConfigurationPlatforms) = postSolution
		{73C15CA6-FEFD-4E86-B9E5-CD5EEADDD2FE}.Debug|Any CPU.ActiveCfg = Debug|Any CPU
		{73C15CA6-FEFD-4E86-B9E5-CD5EEADDD2FE}.Debug|Any CPU.Build.0 = Debug|Any CPU
		{73C15CA6-FEFD-4E86-B9E5-CD5EEADDD2FE}.Release|Any CPU.ActiveCfg = Release|Any CPU
		{73C15CA6-FEFD-4E86-B9E5-CD5EEADDD2FE}.Release|Any CPU.Build.0 = Release|Any CPU
		{0D795D0D-C9B4-4DC8-BA02-9C436FAC4D14}.Debug|Any CPU.ActiveCfg = Debug|Any CPU
		{0D795D0D-C9B4-4DC8-BA02-9C436FAC4D14}.Debug|Any CPU.Build.0 = Debug|Any CPU
		{0D795D0D-C9B4-4DC8-BA02-9C436FAC4D14}.Release|Any CPU.ActiveCfg = Release|Any CPU
		{0D795D0D-C9B4-4DC8-BA02-9C436FAC4D14}.Release|Any CPU.Build.0 = Release|Any CPU
		{DB9B58DA-8763-40F2-82E6-5C2C928255E4}.Debug|Any CPU.ActiveCfg = Debug|Any CPU
		{DB9B58DA-8763-40F2-82E6-5C2C928255E4}.Debug|Any CPU.Build.0 = Debug|Any CPU
		{DB9B58DA-8763-40F2-82E6-5C2C928255E4}.Release|Any CPU.ActiveCfg = Release|Any CPU
		{DB9B58DA-8763-40F2-82E6-5C2C928255E4}.Release|Any CPU.Build.0 = Release|Any CPU
		{ACB097B4-58AC-499C-AF8A-49141A65A853}.Debug|Any CPU.ActiveCfg = Debug|Any CPU
		{ACB097B4-58AC-499C-AF8A-49141A65A853}.Debug|Any CPU.Build.0 = Debug|Any CPU
		{ACB097B4-58AC-499C-AF8A-49141A65A853}.Release|Any CPU.ActiveCfg = Release|Any CPU
		{ACB097B4-58AC-499C-AF8A-49141A65A853}.Release|Any CPU.Build.0 = Release|Any CPU
		{F82BE200-710F-404D-899B-5AFE232F5BB9}.Debug|Any CPU.ActiveCfg = Debug|Any CPU
		{F82BE200-710F-404D-899B-5AFE232F5BB9}.Debug|Any CPU.Build.0 = Debug|Any CPU
		{F82BE200-710F-404D-899B-5AFE232F5BB9}.Release|Any CPU.ActiveCfg = Release|Any CPU
		{F82BE200-710F-404D-899B-5AFE232F5BB9}.Release|Any CPU.Build.0 = Release|Any CPU
		{B11FB01F-151B-4C12-82DA-E8CE0A84CA8E}.Debug|Any CPU.ActiveCfg = Debug|Any CPU
		{B11FB01F-151B-4C12-82DA-E8CE0A84CA8E}.Debug|Any CPU.Build.0 = Debug|Any CPU
		{B11FB01F-151B-4C12-82DA-E8CE0A84CA8E}.Release|Any CPU.ActiveCfg = Release|Any CPU
		{B11FB01F-151B-4C12-82DA-E8CE0A84CA8E}.Release|Any CPU.Build.0 = Release|Any CPU
		{87DFA1B6-E9E5-412B-9184-1085576EC29B}.Debug|Any CPU.ActiveCfg = Debug|Any CPU
		{87DFA1B6-E9E5-412B-9184-1085576EC29B}.Debug|Any CPU.Build.0 = Debug|Any CPU
		{87DFA1B6-E9E5-412B-9184-1085576EC29B}.Release|Any CPU.ActiveCfg = Release|Any CPU
		{87DFA1B6-E9E5-412B-9184-1085576EC29B}.Release|Any CPU.Build.0 = Release|Any CPU
		{DF7707B2-662F-43A1-B9AE-21FAFFA0EFA8}.Debug|Any CPU.ActiveCfg = Debug|Any CPU
		{DF7707B2-662F-43A1-B9AE-21FAFFA0EFA8}.Debug|Any CPU.Build.0 = Debug|Any CPU
		{DF7707B2-662F-43A1-B9AE-21FAFFA0EFA8}.Release|Any CPU.ActiveCfg = Release|Any CPU
		{DF7707B2-662F-43A1-B9AE-21FAFFA0EFA8}.Release|Any CPU.Build.0 = Release|Any CPU
		{0A066174-EBEE-4419-9275-13B3BB867946}.Debug|Any CPU.ActiveCfg = Debug|Any CPU
		{0A066174-EBEE-4419-9275-13B3BB867946}.Debug|Any CPU.Build.0 = Debug|Any CPU
		{0A066174-EBEE-4419-9275-13B3BB867946}.Release|Any CPU.ActiveCfg = Release|Any CPU
		{0A066174-EBEE-4419-9275-13B3BB867946}.Release|Any CPU.Build.0 = Release|Any CPU
		{FB5934A5-B0AE-4BD7-B431-3C069DB0B7E3}.Debug|Any CPU.ActiveCfg = Debug|Any CPU
		{FB5934A5-B0AE-4BD7-B431-3C069DB0B7E3}.Debug|Any CPU.Build.0 = Debug|Any CPU
		{FB5934A5-B0AE-4BD7-B431-3C069DB0B7E3}.Release|Any CPU.ActiveCfg = Release|Any CPU
		{FB5934A5-B0AE-4BD7-B431-3C069DB0B7E3}.Release|Any CPU.Build.0 = Release|Any CPU
		{34042F4D-49E5-4B63-BEE9-7876DA837853}.Debug|Any CPU.ActiveCfg = Debug|Any CPU
		{34042F4D-49E5-4B63-BEE9-7876DA837853}.Debug|Any CPU.Build.0 = Debug|Any CPU
		{34042F4D-49E5-4B63-BEE9-7876DA837853}.Release|Any CPU.ActiveCfg = Release|Any CPU
		{34042F4D-49E5-4B63-BEE9-7876DA837853}.Release|Any CPU.Build.0 = Release|Any CPU
		{A763EE8E-8C6B-4183-9737-987A748B1435}.Debug|Any CPU.ActiveCfg = Debug|Any CPU
		{A763EE8E-8C6B-4183-9737-987A748B1435}.Debug|Any CPU.Build.0 = Debug|Any CPU
		{A763EE8E-8C6B-4183-9737-987A748B1435}.Release|Any CPU.ActiveCfg = Release|Any CPU
		{A763EE8E-8C6B-4183-9737-987A748B1435}.Release|Any CPU.Build.0 = Release|Any CPU
		{BB176CA4-C71C-42A7-B4FB-75AC4B2C81A2}.Debug|Any CPU.ActiveCfg = Debug|Any CPU
		{BB176CA4-C71C-42A7-B4FB-75AC4B2C81A2}.Debug|Any CPU.Build.0 = Debug|Any CPU
		{BB176CA4-C71C-42A7-B4FB-75AC4B2C81A2}.Release|Any CPU.ActiveCfg = Release|Any CPU
		{BB176CA4-C71C-42A7-B4FB-75AC4B2C81A2}.Release|Any CPU.Build.0 = Release|Any CPU
		{956959C3-CC6A-465E-A8D3-090979EF93B3}.Debug|Any CPU.ActiveCfg = Debug|Any CPU
		{956959C3-CC6A-465E-A8D3-090979EF93B3}.Debug|Any CPU.Build.0 = Debug|Any CPU
		{956959C3-CC6A-465E-A8D3-090979EF93B3}.Release|Any CPU.ActiveCfg = Release|Any CPU
		{956959C3-CC6A-465E-A8D3-090979EF93B3}.Release|Any CPU.Build.0 = Release|Any CPU
		{6667DD9B-51B6-4A06-8085-3FF9E8ED30BF}.Debug|Any CPU.ActiveCfg = Debug|Any CPU
		{6667DD9B-51B6-4A06-8085-3FF9E8ED30BF}.Debug|Any CPU.Build.0 = Debug|Any CPU
		{6667DD9B-51B6-4A06-8085-3FF9E8ED30BF}.Release|Any CPU.ActiveCfg = Release|Any CPU
		{6667DD9B-51B6-4A06-8085-3FF9E8ED30BF}.Release|Any CPU.Build.0 = Release|Any CPU
		{4C37036A-8755-477A-8A3C-38C510B69511}.Debug|Any CPU.ActiveCfg = Debug|Any CPU
		{4C37036A-8755-477A-8A3C-38C510B69511}.Debug|Any CPU.Build.0 = Debug|Any CPU
		{4C37036A-8755-477A-8A3C-38C510B69511}.Release|Any CPU.ActiveCfg = Release|Any CPU
		{4C37036A-8755-477A-8A3C-38C510B69511}.Release|Any CPU.Build.0 = Release|Any CPU
		{FD207518-A8D0-426C-AA0D-8F0C5BCAD92F}.Debug|Any CPU.ActiveCfg = Debug|Any CPU
		{FD207518-A8D0-426C-AA0D-8F0C5BCAD92F}.Debug|Any CPU.Build.0 = Debug|Any CPU
		{FD207518-A8D0-426C-AA0D-8F0C5BCAD92F}.Release|Any CPU.ActiveCfg = Release|Any CPU
		{FD207518-A8D0-426C-AA0D-8F0C5BCAD92F}.Release|Any CPU.Build.0 = Release|Any CPU
		{F54FA4D2-2A96-4008-9CA5-0DF424320EE8}.Debug|Any CPU.ActiveCfg = Debug|Any CPU
		{F54FA4D2-2A96-4008-9CA5-0DF424320EE8}.Debug|Any CPU.Build.0 = Debug|Any CPU
		{F54FA4D2-2A96-4008-9CA5-0DF424320EE8}.Release|Any CPU.ActiveCfg = Release|Any CPU
		{F54FA4D2-2A96-4008-9CA5-0DF424320EE8}.Release|Any CPU.Build.0 = Release|Any CPU
		{54C7C362-EF6F-4CB4-B807-CBC3BD213EC5}.Debug|Any CPU.ActiveCfg = Debug|Any CPU
		{54C7C362-EF6F-4CB4-B807-CBC3BD213EC5}.Debug|Any CPU.Build.0 = Debug|Any CPU
		{54C7C362-EF6F-4CB4-B807-CBC3BD213EC5}.Release|Any CPU.ActiveCfg = Release|Any CPU
		{54C7C362-EF6F-4CB4-B807-CBC3BD213EC5}.Release|Any CPU.Build.0 = Release|Any CPU
		{B801A99F-01FF-4CB0-9273-54E5969FEC30}.Debug|Any CPU.ActiveCfg = Debug|Any CPU
		{B801A99F-01FF-4CB0-9273-54E5969FEC30}.Debug|Any CPU.Build.0 = Debug|Any CPU
		{B801A99F-01FF-4CB0-9273-54E5969FEC30}.Release|Any CPU.ActiveCfg = Release|Any CPU
		{B801A99F-01FF-4CB0-9273-54E5969FEC30}.Release|Any CPU.Build.0 = Release|Any CPU
		{BE32CC0C-3BCA-48AF-A611-A61A795F376D}.Debug|Any CPU.ActiveCfg = Debug|Any CPU
		{BE32CC0C-3BCA-48AF-A611-A61A795F376D}.Debug|Any CPU.Build.0 = Debug|Any CPU
		{BE32CC0C-3BCA-48AF-A611-A61A795F376D}.Release|Any CPU.ActiveCfg = Release|Any CPU
		{BE32CC0C-3BCA-48AF-A611-A61A795F376D}.Release|Any CPU.Build.0 = Release|Any CPU
		{65C36EF9-2C6B-4DD3-AE19-F1555B244A01}.Debug|Any CPU.ActiveCfg = Debug|Any CPU
		{65C36EF9-2C6B-4DD3-AE19-F1555B244A01}.Debug|Any CPU.Build.0 = Debug|Any CPU
		{65C36EF9-2C6B-4DD3-AE19-F1555B244A01}.Release|Any CPU.ActiveCfg = Release|Any CPU
		{65C36EF9-2C6B-4DD3-AE19-F1555B244A01}.Release|Any CPU.Build.0 = Release|Any CPU
		{8CFA87EB-505E-45EF-92D1-2B9BE8489295}.Debug|Any CPU.ActiveCfg = Debug|Any CPU
		{8CFA87EB-505E-45EF-92D1-2B9BE8489295}.Debug|Any CPU.Build.0 = Debug|Any CPU
		{8CFA87EB-505E-45EF-92D1-2B9BE8489295}.Release|Any CPU.ActiveCfg = Release|Any CPU
		{8CFA87EB-505E-45EF-92D1-2B9BE8489295}.Release|Any CPU.Build.0 = Release|Any CPU
		{48153892-25EE-482F-BE8C-70A228362352}.Debug|Any CPU.ActiveCfg = Debug|Any CPU
		{48153892-25EE-482F-BE8C-70A228362352}.Debug|Any CPU.Build.0 = Debug|Any CPU
		{48153892-25EE-482F-BE8C-70A228362352}.Release|Any CPU.ActiveCfg = Release|Any CPU
		{48153892-25EE-482F-BE8C-70A228362352}.Release|Any CPU.Build.0 = Release|Any CPU
		{72761764-ADE9-43BF-B84F-5F197A11216F}.Debug|Any CPU.ActiveCfg = Debug|Any CPU
		{72761764-ADE9-43BF-B84F-5F197A11216F}.Debug|Any CPU.Build.0 = Debug|Any CPU
		{72761764-ADE9-43BF-B84F-5F197A11216F}.Release|Any CPU.ActiveCfg = Release|Any CPU
		{72761764-ADE9-43BF-B84F-5F197A11216F}.Release|Any CPU.Build.0 = Release|Any CPU
		{43A1B64C-84C4-4190-8416-A0AEE165F5AB}.Debug|Any CPU.ActiveCfg = Debug|Any CPU
		{43A1B64C-84C4-4190-8416-A0AEE165F5AB}.Debug|Any CPU.Build.0 = Debug|Any CPU
		{43A1B64C-84C4-4190-8416-A0AEE165F5AB}.Release|Any CPU.ActiveCfg = Release|Any CPU
		{43A1B64C-84C4-4190-8416-A0AEE165F5AB}.Release|Any CPU.Build.0 = Release|Any CPU
		{F67BBEEB-F388-457E-8634-2D651E37C06F}.Debug|Any CPU.ActiveCfg = Debug|Any CPU
		{F67BBEEB-F388-457E-8634-2D651E37C06F}.Debug|Any CPU.Build.0 = Debug|Any CPU
		{F67BBEEB-F388-457E-8634-2D651E37C06F}.Release|Any CPU.ActiveCfg = Release|Any CPU
		{F67BBEEB-F388-457E-8634-2D651E37C06F}.Release|Any CPU.Build.0 = Release|Any CPU
		{B41ACE75-2C12-4318-A018-028D90641CF5}.Debug|Any CPU.ActiveCfg = Debug|Any CPU
		{B41ACE75-2C12-4318-A018-028D90641CF5}.Debug|Any CPU.Build.0 = Debug|Any CPU
		{B41ACE75-2C12-4318-A018-028D90641CF5}.Release|Any CPU.ActiveCfg = Release|Any CPU
		{B41ACE75-2C12-4318-A018-028D90641CF5}.Release|Any CPU.Build.0 = Release|Any CPU
		{2D7F4C8F-BBA6-4465-9E55-55F947C3E98B}.Debug|Any CPU.ActiveCfg = Debug|Any CPU
		{2D7F4C8F-BBA6-4465-9E55-55F947C3E98B}.Debug|Any CPU.Build.0 = Debug|Any CPU
		{2D7F4C8F-BBA6-4465-9E55-55F947C3E98B}.Release|Any CPU.ActiveCfg = Release|Any CPU
		{2D7F4C8F-BBA6-4465-9E55-55F947C3E98B}.Release|Any CPU.Build.0 = Release|Any CPU
		{47C68ED9-DD40-46EF-BB6B-592F9F04EA78}.Debug|Any CPU.ActiveCfg = Debug|Any CPU
		{47C68ED9-DD40-46EF-BB6B-592F9F04EA78}.Debug|Any CPU.Build.0 = Debug|Any CPU
		{47C68ED9-DD40-46EF-BB6B-592F9F04EA78}.Release|Any CPU.ActiveCfg = Release|Any CPU
		{47C68ED9-DD40-46EF-BB6B-592F9F04EA78}.Release|Any CPU.Build.0 = Release|Any CPU
		{021F3F97-33FD-4D97-BEAE-2072F16C6D72}.Debug|Any CPU.ActiveCfg = Debug|Any CPU
		{021F3F97-33FD-4D97-BEAE-2072F16C6D72}.Debug|Any CPU.Build.0 = Debug|Any CPU
		{021F3F97-33FD-4D97-BEAE-2072F16C6D72}.Release|Any CPU.ActiveCfg = Release|Any CPU
		{021F3F97-33FD-4D97-BEAE-2072F16C6D72}.Release|Any CPU.Build.0 = Release|Any CPU
		{83CFC349-2F3D-44C1-89C5-653F947828A4}.Debug|Any CPU.ActiveCfg = Debug|Any CPU
		{83CFC349-2F3D-44C1-89C5-653F947828A4}.Debug|Any CPU.Build.0 = Debug|Any CPU
		{83CFC349-2F3D-44C1-89C5-653F947828A4}.Release|Any CPU.ActiveCfg = Release|Any CPU
		{83CFC349-2F3D-44C1-89C5-653F947828A4}.Release|Any CPU.Build.0 = Release|Any CPU
		{3B776CAF-7BB8-4652-84A4-78A52EF2FECA}.Debug|Any CPU.ActiveCfg = Debug|Any CPU
		{3B776CAF-7BB8-4652-84A4-78A52EF2FECA}.Debug|Any CPU.Build.0 = Debug|Any CPU
		{3B776CAF-7BB8-4652-84A4-78A52EF2FECA}.Release|Any CPU.ActiveCfg = Release|Any CPU
		{3B776CAF-7BB8-4652-84A4-78A52EF2FECA}.Release|Any CPU.Build.0 = Release|Any CPU
		{42C4D047-0FB3-43F3-9C65-E89E393C9433}.Debug|Any CPU.ActiveCfg = Debug|Any CPU
		{42C4D047-0FB3-43F3-9C65-E89E393C9433}.Debug|Any CPU.Build.0 = Debug|Any CPU
		{42C4D047-0FB3-43F3-9C65-E89E393C9433}.Release|Any CPU.ActiveCfg = Release|Any CPU
		{42C4D047-0FB3-43F3-9C65-E89E393C9433}.Release|Any CPU.Build.0 = Release|Any CPU
		{F7A657ED-0043-43B3-A810-E5E6AA99B6EE}.Debug|Any CPU.ActiveCfg = Debug|Any CPU
		{F7A657ED-0043-43B3-A810-E5E6AA99B6EE}.Debug|Any CPU.Build.0 = Debug|Any CPU
		{F7A657ED-0043-43B3-A810-E5E6AA99B6EE}.Release|Any CPU.ActiveCfg = Release|Any CPU
		{F7A657ED-0043-43B3-A810-E5E6AA99B6EE}.Release|Any CPU.Build.0 = Release|Any CPU
		{8EB7A939-4299-4EF1-8158-85EF105DFCA9}.Debug|Any CPU.ActiveCfg = Debug|Any CPU
		{8EB7A939-4299-4EF1-8158-85EF105DFCA9}.Debug|Any CPU.Build.0 = Debug|Any CPU
		{8EB7A939-4299-4EF1-8158-85EF105DFCA9}.Release|Any CPU.ActiveCfg = Release|Any CPU
		{8EB7A939-4299-4EF1-8158-85EF105DFCA9}.Release|Any CPU.Build.0 = Release|Any CPU
		{ADD5875A-8F78-44C1-A6A4-CB4A03E089ED}.Debug|Any CPU.ActiveCfg = Debug|Any CPU
		{ADD5875A-8F78-44C1-A6A4-CB4A03E089ED}.Debug|Any CPU.Build.0 = Debug|Any CPU
		{ADD5875A-8F78-44C1-A6A4-CB4A03E089ED}.Release|Any CPU.ActiveCfg = Release|Any CPU
		{ADD5875A-8F78-44C1-A6A4-CB4A03E089ED}.Release|Any CPU.Build.0 = Release|Any CPU
		{ABD33058-C879-4B7F-BF90-078567B7F6AB}.Debug|Any CPU.ActiveCfg = Debug|Any CPU
		{ABD33058-C879-4B7F-BF90-078567B7F6AB}.Debug|Any CPU.Build.0 = Debug|Any CPU
		{ABD33058-C879-4B7F-BF90-078567B7F6AB}.Release|Any CPU.ActiveCfg = Release|Any CPU
		{ABD33058-C879-4B7F-BF90-078567B7F6AB}.Release|Any CPU.Build.0 = Release|Any CPU
		{46ABC581-4449-4B8F-9B36-B76E40644594}.Debug|Any CPU.ActiveCfg = Debug|Any CPU
		{46ABC581-4449-4B8F-9B36-B76E40644594}.Debug|Any CPU.Build.0 = Debug|Any CPU
		{46ABC581-4449-4B8F-9B36-B76E40644594}.Release|Any CPU.ActiveCfg = Release|Any CPU
		{46ABC581-4449-4B8F-9B36-B76E40644594}.Release|Any CPU.Build.0 = Release|Any CPU
	EndGlobalSection
	GlobalSection(SolutionProperties) = preSolution
		HideSolutionNode = FALSE
	EndGlobalSection
	GlobalSection(ExtensibilityGlobals) = postSolution
		SolutionGuid = {68003271-1BF4-4644-9EDD-5B72C238A562}
	EndGlobalSection
EndGlobal
